
Microsoft Visual Studio Solution File, Format Version 12.00
# Visual Studio 15
VisualStudioVersion = 15.0.28307.1231
MinimumVisualStudioVersion = 10.0.40219.1
Project("{9A19103F-16F7-4668-BE54-9A1E7A4F7556}") = "NetCore", "NetCore\NetCore.csproj", "{E23E4D12-BF11-4B33-A24B-702A0E591B8F}"
EndProject
Project("{FAE04EC0-301F-11D3-BF4B-00C04F79EFBC}") = "WebCllient", "WebCllient\WebCllient.csproj", "{BAE18693-59C8-436F-9B63-8981B7948FE3}"
EndProject
Global
	GlobalSection(SolutionConfigurationPlatforms) = preSolution
		Debug|Any CPU = Debug|Any CPU
		Release|Any CPU = Release|Any CPU
	EndGlobalSection
	GlobalSection(ProjectConfigurationPlatforms) = postSolution
		{E23E4D12-BF11-4B33-A24B-702A0E591B8F}.Debug|Any CPU.ActiveCfg = Debug|Any CPU
		{E23E4D12-BF11-4B33-A24B-702A0E591B8F}.Debug|Any CPU.Build.0 = Debug|Any CPU
		{E23E4D12-BF11-4B33-A24B-702A0E591B8F}.Release|Any CPU.ActiveCfg = Release|Any CPU
		{E23E4D12-BF11-4B33-A24B-702A0E591B8F}.Release|Any CPU.Build.0 = Release|Any CPU
		{BAE18693-59C8-436F-9B63-8981B7948FE3}.Debug|Any CPU.ActiveCfg = Debug|Any CPU
		{BAE18693-59C8-436F-9B63-8981B7948FE3}.Debug|Any CPU.Build.0 = Debug|Any CPU
		{BAE18693-59C8-436F-9B63-8981B7948FE3}.Release|Any CPU.ActiveCfg = Release|Any CPU
		{BAE18693-59C8-436F-9B63-8981B7948FE3}.Release|Any CPU.Build.0 = Release|Any CPU
	EndGlobalSection
	GlobalSection(SolutionProperties) = preSolution
		HideSolutionNode = FALSE
	EndGlobalSection
	GlobalSection(ExtensibilityGlobals) = postSolution
		SolutionGuid = {B8201AA2-CDE5-4B17-A3A2-CE1924B6EB98}
	EndGlobalSection
EndGlobal
